
Microsoft Visual Studio Solution File, Format Version 12.00
# Visual Studio Version 17
VisualStudioVersion = 17.14.36203.30
MinimumVisualStudioVersion = 10.0.40219.1
Project("{FAE04EC0-301F-11D3-BF4B-00C04F79EFBC}") = "Shell", "Shell\Shell.csproj", "{33449F07-9D76-4D13-AD04-3EFF42A2638A}"
EndProject
Project("{2150E333-8FDC-42A3-9474-1A3956D46DE8}") = "Application", "Application", "{02EA681E-C7D8-13C7-8484-4AC65E1B71E8}"
EndProject
Project("{FAE04EC0-301F-11D3-BF4B-00C04F79EFBC}") = "Company.Application.Share", "Company.Application.Share\Company.Application.Share.csproj", "{5FE4BBD1-CCAA-4D3F-A75F-527EA36F6051}"
EndProject
Project("{2150E333-8FDC-42A3-9474-1A3956D46DE8}") = "Core", "Core", "{64060B5E-1C8A-49CC-82F1-CEAD9DB10CAD}"
EndProject
Project("{FAE04EC0-301F-11D3-BF4B-00C04F79EFBC}") = "Company.Core", "Company.Core\Company.Core.csproj", "{8C8C739D-93EE-411A-A153-F2FCA6A09AF6}"
EndProject
Project("{FAE04EC0-301F-11D3-BF4B-00C04F79EFBC}") = "Company.Logger", "Company.Logger\Company.Logger.csproj", "{1BF70057-2181-4A43-B7CD-73A49D578BD5}"
EndProject
Project("{FAE04EC0-301F-11D3-BF4B-00C04F79EFBC}") = "Company.Application.Main", "Company.Application.Main\Company.Application.Main.csproj", "{7A60CB0C-D6D5-8A1D-3356-324598E10AE6}"
EndProject
Project("{FAE04EC0-301F-11D3-BF4B-00C04F79EFBC}") = "Company.UI", "Company.UI\Company.UI.csproj", "{B0928907-BE10-493B-BB4A-851719E83BD7}"
EndProject
Project("{FAE04EC0-301F-11D3-BF4B-00C04F79EFBC}") = "Company.Application.Login", "Company.Application.Login\Company.Application.Login.csproj", "{B4480D70-006F-4EE2-8DAC-F75E53B9A78F}"
EndProject
Project("{FAE04EC0-301F-11D3-BF4B-00C04F79EFBC}") = "WpfHelper", "WpfHelper\WpfHelper.csproj", "{897AF149-F0DB-4DB8-9699-A12159F1AAFF}"
EndProject
Project("{FAE04EC0-301F-11D3-BF4B-00C04F79EFBC}") = "Company.Application.Menu", "Company.Application.Menu\Company.Application.Menu.csproj", "{391E208B-98E5-4F77-A796-8DA2A430FB78}"
EndProject
Project("{FAE04EC0-301F-11D3-BF4B-00C04F79EFBC}") = "Company.Application.Image", "Company.Application.Image\Company.Application.Image.csproj", "{2FE919D0-0AC2-4ACC-9112-D0456830EF2A}"
EndProject
Project("{2150E333-8FDC-42A3-9474-1A3956D46DE8}") = "Hardware", "Hardware", "{DD9F2018-BB14-4A12-9F98-EB9C5D8C158B}"
EndProject
Project("{FAE04EC0-301F-11D3-BF4B-00C04F79EFBC}") = "Company.Hardware.Camera", "Company.Hardware.Camera\Company.Hardware.Camera.csproj", "{E56DCDAF-E07E-44B3-A957-ADF55B46F6B8}"
EndProject
Project("{FAE04EC0-301F-11D3-BF4B-00C04F79EFBC}") = "Company.Hardware.Detector", "Company.Hardware.Detector\Company.Hardware.Detector.csproj", "{DBFCD10A-9F52-4659-99CC-D254D15DDB0E}"
EndProject
Project("{FAE04EC0-301F-11D3-BF4B-00C04F79EFBC}") = "Company.Application.Config", "Company.Application.Config\Company.Application.Config.csproj", "{DACC2666-E4FB-4DF4-8593-1216D73D846A}"
EndProject
Project("{FAE04EC0-301F-11D3-BF4B-00C04F79EFBC}") = "Company.Application.Initialize", "Company.Application.Initialize\Company.Application.Initialize.csproj", "{320602E6-3530-4546-B2CC-361DDA3EFD19}"
EndProject
Project("{FAE04EC0-301F-11D3-BF4B-00C04F79EFBC}") = "Company.Hardware.Camera.None", "Company.Hardware.Camera.None\Company.Hardware.Camera.None.csproj", "{60424CB2-B342-DEF5-17A8-C4C98CB900E0}"
EndProject
Project("{FAE04EC0-301F-11D3-BF4B-00C04F79EFBC}") = "Company.Hardware.Detector.None", "Company.Hardware.Detector.None\Company.Hardware.Detector.None.csproj", "{4B98DC48-3CE9-434A-8BCA-2B01EF11D4DA}"
EndProject
Global
	GlobalSection(SolutionConfigurationPlatforms) = preSolution
		Debug|Any CPU = Debug|Any CPU
		Release|Any CPU = Release|Any CPU
	EndGlobalSection
	GlobalSection(ProjectConfigurationPlatforms) = postSolution
		{33449F07-9D76-4D13-AD04-3EFF42A2638A}.Debug|Any CPU.ActiveCfg = Debug|Any CPU
		{33449F07-9D76-4D13-AD04-3EFF42A2638A}.Debug|Any CPU.Build.0 = Debug|Any CPU
		{33449F07-9D76-4D13-AD04-3EFF42A2638A}.Release|Any CPU.ActiveCfg = Release|Any CPU
		{33449F07-9D76-4D13-AD04-3EFF42A2638A}.Release|Any CPU.Build.0 = Release|Any CPU
		{5FE4BBD1-CCAA-4D3F-A75F-527EA36F6051}.Debug|Any CPU.ActiveCfg = Debug|Any CPU
		{5FE4BBD1-CCAA-4D3F-A75F-527EA36F6051}.Debug|Any CPU.Build.0 = Debug|Any CPU
		{5FE4BBD1-CCAA-4D3F-A75F-527EA36F6051}.Release|Any CPU.ActiveCfg = Release|Any CPU
		{5FE4BBD1-CCAA-4D3F-A75F-527EA36F6051}.Release|Any CPU.Build.0 = Release|Any CPU
		{8C8C739D-93EE-411A-A153-F2FCA6A09AF6}.Debug|Any CPU.ActiveCfg = Debug|Any CPU
		{8C8C739D-93EE-411A-A153-F2FCA6A09AF6}.Debug|Any CPU.Build.0 = Debug|Any CPU
		{8C8C739D-93EE-411A-A153-F2FCA6A09AF6}.Release|Any CPU.ActiveCfg = Release|Any CPU
		{8C8C739D-93EE-411A-A153-F2FCA6A09AF6}.Release|Any CPU.Build.0 = Release|Any CPU
		{1BF70057-2181-4A43-B7CD-73A49D578BD5}.Debug|Any CPU.ActiveCfg = Debug|Any CPU
		{1BF70057-2181-4A43-B7CD-73A49D578BD5}.Debug|Any CPU.Build.0 = Debug|Any CPU
		{1BF70057-2181-4A43-B7CD-73A49D578BD5}.Release|Any CPU.ActiveCfg = Release|Any CPU
		{1BF70057-2181-4A43-B7CD-73A49D578BD5}.Release|Any CPU.Build.0 = Release|Any CPU
		{7A60CB0C-D6D5-8A1D-3356-324598E10AE6}.Debug|Any CPU.ActiveCfg = Debug|Any CPU
		{7A60CB0C-D6D5-8A1D-3356-324598E10AE6}.Debug|Any CPU.Build.0 = Debug|Any CPU
		{7A60CB0C-D6D5-8A1D-3356-324598E10AE6}.Release|Any CPU.ActiveCfg = Release|Any CPU
		{7A60CB0C-D6D5-8A1D-3356-324598E10AE6}.Release|Any CPU.Build.0 = Release|Any CPU
		{B0928907-BE10-493B-BB4A-851719E83BD7}.Debug|Any CPU.ActiveCfg = Debug|Any CPU
		{B0928907-BE10-493B-BB4A-851719E83BD7}.Debug|Any CPU.Build.0 = Debug|Any CPU
		{B0928907-BE10-493B-BB4A-851719E83BD7}.Release|Any CPU.ActiveCfg = Release|Any CPU
		{B0928907-BE10-493B-BB4A-851719E83BD7}.Release|Any CPU.Build.0 = Release|Any CPU
		{B4480D70-006F-4EE2-8DAC-F75E53B9A78F}.Debug|Any CPU.ActiveCfg = Debug|Any CPU
		{B4480D70-006F-4EE2-8DAC-F75E53B9A78F}.Debug|Any CPU.Build.0 = Debug|Any CPU
		{B4480D70-006F-4EE2-8DAC-F75E53B9A78F}.Release|Any CPU.ActiveCfg = Release|Any CPU
		{B4480D70-006F-4EE2-8DAC-F75E53B9A78F}.Release|Any CPU.Build.0 = Release|Any CPU
		{897AF149-F0DB-4DB8-9699-A12159F1AAFF}.Debug|Any CPU.ActiveCfg = Debug|Any CPU
		{897AF149-F0DB-4DB8-9699-A12159F1AAFF}.Debug|Any CPU.Build.0 = Debug|Any CPU
		{897AF149-F0DB-4DB8-9699-A12159F1AAFF}.Release|Any CPU.ActiveCfg = Release|Any CPU
		{897AF149-F0DB-4DB8-9699-A12159F1AAFF}.Release|Any CPU.Build.0 = Release|Any CPU
		{391E208B-98E5-4F77-A796-8DA2A430FB78}.Debug|Any CPU.ActiveCfg = Debug|Any CPU
		{391E208B-98E5-4F77-A796-8DA2A430FB78}.Debug|Any CPU.Build.0 = Debug|Any CPU
		{391E208B-98E5-4F77-A796-8DA2A430FB78}.Release|Any CPU.ActiveCfg = Release|Any CPU
		{391E208B-98E5-4F77-A796-8DA2A430FB78}.Release|Any CPU.Build.0 = Release|Any CPU
		{2FE919D0-0AC2-4ACC-9112-D0456830EF2A}.Debug|Any CPU.ActiveCfg = Debug|Any CPU
		{2FE919D0-0AC2-4ACC-9112-D0456830EF2A}.Debug|Any CPU.Build.0 = Debug|Any CPU
		{2FE919D0-0AC2-4ACC-9112-D0456830EF2A}.Release|Any CPU.ActiveCfg = Release|Any CPU
		{2FE919D0-0AC2-4ACC-9112-D0456830EF2A}.Release|Any CPU.Build.0 = Release|Any CPU
		{E56DCDAF-E07E-44B3-A957-ADF55B46F6B8}.Debug|Any CPU.ActiveCfg = Debug|Any CPU
		{E56DCDAF-E07E-44B3-A957-ADF55B46F6B8}.Debug|Any CPU.Build.0 = Debug|Any CPU
		{E56DCDAF-E07E-44B3-A957-ADF55B46F6B8}.Release|Any CPU.ActiveCfg = Release|Any CPU
		{E56DCDAF-E07E-44B3-A957-ADF55B46F6B8}.Release|Any CPU.Build.0 = Release|Any CPU
		{DBFCD10A-9F52-4659-99CC-D254D15DDB0E}.Debug|Any CPU.ActiveCfg = Debug|Any CPU
		{DBFCD10A-9F52-4659-99CC-D254D15DDB0E}.Debug|Any CPU.Build.0 = Debug|Any CPU
		{DBFCD10A-9F52-4659-99CC-D254D15DDB0E}.Release|Any CPU.ActiveCfg = Release|Any CPU
		{DBFCD10A-9F52-4659-99CC-D254D15DDB0E}.Release|Any CPU.Build.0 = Release|Any CPU
		{DACC2666-E4FB-4DF4-8593-1216D73D846A}.Debug|Any CPU.ActiveCfg = Debug|Any CPU
		{DACC2666-E4FB-4DF4-8593-1216D73D846A}.Debug|Any CPU.Build.0 = Debug|Any CPU
		{DACC2666-E4FB-4DF4-8593-1216D73D846A}.Release|Any CPU.ActiveCfg = Release|Any CPU
		{DACC2666-E4FB-4DF4-8593-1216D73D846A}.Release|Any CPU.Build.0 = Release|Any CPU
		{320602E6-3530-4546-B2CC-361DDA3EFD19}.Debug|Any CPU.ActiveCfg = Debug|Any CPU
		{320602E6-3530-4546-B2CC-361DDA3EFD19}.Debug|Any CPU.Build.0 = Debug|Any CPU
		{320602E6-3530-4546-B2CC-361DDA3EFD19}.Release|Any CPU.ActiveCfg = Release|Any CPU
		{320602E6-3530-4546-B2CC-361DDA3EFD19}.Release|Any CPU.Build.0 = Release|Any CPU
		{60424CB2-B342-DEF5-17A8-C4C98CB900E0}.Debug|Any CPU.ActiveCfg = Debug|Any CPU
		{60424CB2-B342-DEF5-17A8-C4C98CB900E0}.Debug|Any CPU.Build.0 = Debug|Any CPU
		{60424CB2-B342-DEF5-17A8-C4C98CB900E0}.Release|Any CPU.ActiveCfg = Release|Any CPU
		{60424CB2-B342-DEF5-17A8-C4C98CB900E0}.Release|Any CPU.Build.0 = Release|Any CPU
		{4B98DC48-3CE9-434A-8BCA-2B01EF11D4DA}.Debug|Any CPU.ActiveCfg = Debug|Any CPU
		{4B98DC48-3CE9-434A-8BCA-2B01EF11D4DA}.Debug|Any CPU.Build.0 = Debug|Any CPU
		{4B98DC48-3CE9-434A-8BCA-2B01EF11D4DA}.Release|Any CPU.ActiveCfg = Release|Any CPU
		{4B98DC48-3CE9-434A-8BCA-2B01EF11D4DA}.Release|Any CPU.Build.0 = Release|Any CPU
	EndGlobalSection
	GlobalSection(SolutionProperties) = preSolution
		HideSolutionNode = FALSE
	EndGlobalSection
	GlobalSection(NestedProjects) = preSolution
		{5FE4BBD1-CCAA-4D3F-A75F-527EA36F6051} = {02EA681E-C7D8-13C7-8484-4AC65E1B71E8}
		{8C8C739D-93EE-411A-A153-F2FCA6A09AF6} = {64060B5E-1C8A-49CC-82F1-CEAD9DB10CAD}
		{1BF70057-2181-4A43-B7CD-73A49D578BD5} = {64060B5E-1C8A-49CC-82F1-CEAD9DB10CAD}
		{7A60CB0C-D6D5-8A1D-3356-324598E10AE6} = {02EA681E-C7D8-13C7-8484-4AC65E1B71E8}
		{B0928907-BE10-493B-BB4A-851719E83BD7} = {64060B5E-1C8A-49CC-82F1-CEAD9DB10CAD}
		{B4480D70-006F-4EE2-8DAC-F75E53B9A78F} = {02EA681E-C7D8-13C7-8484-4AC65E1B71E8}
		{391E208B-98E5-4F77-A796-8DA2A430FB78} = {02EA681E-C7D8-13C7-8484-4AC65E1B71E8}
		{2FE919D0-0AC2-4ACC-9112-D0456830EF2A} = {02EA681E-C7D8-13C7-8484-4AC65E1B71E8}
		{E56DCDAF-E07E-44B3-A957-ADF55B46F6B8} = {DD9F2018-BB14-4A12-9F98-EB9C5D8C158B}
		{DBFCD10A-9F52-4659-99CC-D254D15DDB0E} = {DD9F2018-BB14-4A12-9F98-EB9C5D8C158B}
		{DACC2666-E4FB-4DF4-8593-1216D73D846A} = {02EA681E-C7D8-13C7-8484-4AC65E1B71E8}
		{320602E6-3530-4546-B2CC-361DDA3EFD19} = {02EA681E-C7D8-13C7-8484-4AC65E1B71E8}
		{60424CB2-B342-DEF5-17A8-C4C98CB900E0} = {DD9F2018-BB14-4A12-9F98-EB9C5D8C158B}
		{4B98DC48-3CE9-434A-8BCA-2B01EF11D4DA} = {DD9F2018-BB14-4A12-9F98-EB9C5D8C158B}
	EndGlobalSection
	GlobalSection(ExtensibilityGlobals) = postSolution
		SolutionGuid = {77E1C007-B2CE-476B-A879-0F2F7B232048}
	EndGlobalSection
EndGlobal
